
Microsoft Visual Studio Solution File, Format Version 12.00
# Visual Studio Version 17
VisualStudioVersion = 17.2.32630.192
MinimumVisualStudioVersion = 10.0.40219.1
Project("{FAE04EC0-301F-11D3-BF4B-00C04F79EFBC}") = "test", "test\test.csproj", "{39CEBD7A-612E-471D-B920-3BC6633DC303}"
EndProject
Global
	GlobalSection(SolutionConfigurationPlatforms) = preSolution
		Debug|Any CPU = Debug|Any CPU
		Release|Any CPU = Release|Any CPU
	EndGlobalSection
	GlobalSection(ProjectConfigurationPlatforms) = postSolution
		{39CEBD7A-612E-471D-B920-3BC6633DC303}.Debug|Any CPU.ActiveCfg = Debug|Any CPU
		{39CEBD7A-612E-471D-B920-3BC6633DC303}.Debug|Any CPU.Build.0 = Debug|Any CPU
		{39CEBD7A-612E-471D-B920-3BC6633DC303}.Release|Any CPU.ActiveCfg = Release|Any CPU
		{39CEBD7A-612E-471D-B920-3BC6633DC303}.Release|Any CPU.Build.0 = Release|Any CPU
	EndGlobalSection
	GlobalSection(SolutionProperties) = preSolution
		HideSolutionNode = FALSE
	EndGlobalSection
	GlobalSection(ExtensibilityGlobals) = postSolution
		SolutionGuid = {37BA3A50-6FD6-4A00-942C-2D35328009B1}
	EndGlobalSection
EndGlobal
